
Microsoft Visual Studio Solution File, Format Version 12.00
# Visual Studio Version 17
VisualStudioVersion = 17.9.34728.123
MinimumVisualStudioVersion = 10.0.40219.1
Project("{FAE04EC0-301F-11D3-BF4B-00C04F79EFBC}") = "ValidAnagram", "ValidAnagram.csproj", "{22C5E92A-DBB2-41EE-AA27-20E506DE5BB4}"
EndProject
Global
	GlobalSection(SolutionConfigurationPlatforms) = preSolution
		Debug|Any CPU = Debug|Any CPU
		Release|Any CPU = Release|Any CPU
	EndGlobalSection
	GlobalSection(ProjectConfigurationPlatforms) = postSolution
		{22C5E92A-DBB2-41EE-AA27-20E506DE5BB4}.Debug|Any CPU.ActiveCfg = Debug|Any CPU
		{22C5E92A-DBB2-41EE-AA27-20E506DE5BB4}.Debug|Any CPU.Build.0 = Debug|Any CPU
		{22C5E92A-DBB2-41EE-AA27-20E506DE5BB4}.Release|Any CPU.ActiveCfg = Release|Any CPU
		{22C5E92A-DBB2-41EE-AA27-20E506DE5BB4}.Release|Any CPU.Build.0 = Release|Any CPU
	EndGlobalSection
	GlobalSection(SolutionProperties) = preSolution
		HideSolutionNode = FALSE
	EndGlobalSection
	GlobalSection(ExtensibilityGlobals) = postSolution
		SolutionGuid = {0C3D9463-42D2-4BF3-9871-88F65F07167F}
	EndGlobalSection
EndGlobal
